
Microsoft Visual Studio Solution File, Format Version 12.00
# Visual Studio Version 17
VisualStudioVersion = 17.8.34330.188
MinimumVisualStudioVersion = 10.0.40219.1
Project("{9A19103F-16F7-4668-BE54-9A1E7A4F7556}") = "Prio", "Prio.csproj", "{B548FDE6-8AE6-49FB-B0F8-E9FE7CDED91A}"
EndProject
Global
	GlobalSection(SolutionConfigurationPlatforms) = preSolution
		Debug|Any CPU = Debug|Any CPU
		Release|Any CPU = Release|Any CPU
	EndGlobalSection
	GlobalSection(ProjectConfigurationPlatforms) = postSolution
		{B548FDE6-8AE6-49FB-B0F8-E9FE7CDED91A}.Debug|Any CPU.ActiveCfg = Debug|Any CPU
		{B548FDE6-8AE6-49FB-B0F8-E9FE7CDED91A}.Debug|Any CPU.Build.0 = Debug|Any CPU
		{B548FDE6-8AE6-49FB-B0F8-E9FE7CDED91A}.Release|Any CPU.ActiveCfg = Release|Any CPU
		{B548FDE6-8AE6-49FB-B0F8-E9FE7CDED91A}.Release|Any CPU.Build.0 = Release|Any CPU
	EndGlobalSection
	GlobalSection(SolutionProperties) = preSolution
		HideSolutionNode = FALSE
	EndGlobalSection
	GlobalSection(ExtensibilityGlobals) = postSolution
		SolutionGuid = {59853566-24EF-4AEB-9684-2B2BBF1734FF}
	EndGlobalSection
EndGlobal
